
Microsoft Visual Studio Solution File, Format Version 12.00
# Visual Studio Version 16
VisualStudioVersion = 16.0.32002.261
MinimumVisualStudioVersion = 10.0.40219.1
Project("{FAE04EC0-301F-11D3-BF4B-00C04F79EFBC}") = "PluginApp", "PluginApp\PluginApp.csproj", "{75812BAD-2E2A-4264-ADDA-F49D8F547FD9}"
EndProject
Project("{FAE04EC0-301F-11D3-BF4B-00C04F79EFBC}") = "IPlugin", "IPlugin\IPlugin.csproj", "{4BA9A29D-C98E-4118-8DF7-F68A7E1FAE98}"
EndProject
Project("{FAE04EC0-301F-11D3-BF4B-00C04F79EFBC}") = "Transforms", "Transforms\Transforms.csproj", "{FF7F7EB8-C3A3-45CC-8DFE-11B2A924C8C7}"
EndProject
Project("{FAE04EC0-301F-11D3-BF4B-00C04F79EFBC}") = "WhitePlugin", "WhitePlugin\WhitePlugin.csproj", "{82F780E8-E4E5-4715-83F6-B8819241AB31}"
EndProject
Project("{9A19103F-16F7-4668-BE54-9A1E7A4F7556}") = "GrayTransform", "GrayTransform\GrayTransform.csproj", "{61308B38-3065-4FA1-928E-A4A948C250AB}"
EndProject
Global
	GlobalSection(SolutionConfigurationPlatforms) = preSolution
		Debug|Any CPU = Debug|Any CPU
		Release|Any CPU = Release|Any CPU
	EndGlobalSection
	GlobalSection(ProjectConfigurationPlatforms) = postSolution
		{75812BAD-2E2A-4264-ADDA-F49D8F547FD9}.Debug|Any CPU.ActiveCfg = Debug|Any CPU
		{75812BAD-2E2A-4264-ADDA-F49D8F547FD9}.Debug|Any CPU.Build.0 = Debug|Any CPU
		{75812BAD-2E2A-4264-ADDA-F49D8F547FD9}.Release|Any CPU.ActiveCfg = Release|Any CPU
		{75812BAD-2E2A-4264-ADDA-F49D8F547FD9}.Release|Any CPU.Build.0 = Release|Any CPU
		{4BA9A29D-C98E-4118-8DF7-F68A7E1FAE98}.Debug|Any CPU.ActiveCfg = Debug|Any CPU
		{4BA9A29D-C98E-4118-8DF7-F68A7E1FAE98}.Debug|Any CPU.Build.0 = Debug|Any CPU
		{4BA9A29D-C98E-4118-8DF7-F68A7E1FAE98}.Release|Any CPU.ActiveCfg = Release|Any CPU
		{4BA9A29D-C98E-4118-8DF7-F68A7E1FAE98}.Release|Any CPU.Build.0 = Release|Any CPU
		{FF7F7EB8-C3A3-45CC-8DFE-11B2A924C8C7}.Debug|Any CPU.ActiveCfg = Debug|Any CPU
		{FF7F7EB8-C3A3-45CC-8DFE-11B2A924C8C7}.Debug|Any CPU.Build.0 = Debug|Any CPU
		{FF7F7EB8-C3A3-45CC-8DFE-11B2A924C8C7}.Release|Any CPU.ActiveCfg = Release|Any CPU
		{FF7F7EB8-C3A3-45CC-8DFE-11B2A924C8C7}.Release|Any CPU.Build.0 = Release|Any CPU
		{82F780E8-E4E5-4715-83F6-B8819241AB31}.Debug|Any CPU.ActiveCfg = Debug|Any CPU
		{82F780E8-E4E5-4715-83F6-B8819241AB31}.Debug|Any CPU.Build.0 = Debug|Any CPU
		{82F780E8-E4E5-4715-83F6-B8819241AB31}.Release|Any CPU.ActiveCfg = Release|Any CPU
		{82F780E8-E4E5-4715-83F6-B8819241AB31}.Release|Any CPU.Build.0 = Release|Any CPU
		{61308B38-3065-4FA1-928E-A4A948C250AB}.Debug|Any CPU.ActiveCfg = Debug|Any CPU
		{61308B38-3065-4FA1-928E-A4A948C250AB}.Debug|Any CPU.Build.0 = Debug|Any CPU
		{61308B38-3065-4FA1-928E-A4A948C250AB}.Release|Any CPU.ActiveCfg = Release|Any CPU
		{61308B38-3065-4FA1-928E-A4A948C250AB}.Release|Any CPU.Build.0 = Release|Any CPU
	EndGlobalSection
	GlobalSection(SolutionProperties) = preSolution
		HideSolutionNode = FALSE
	EndGlobalSection
	GlobalSection(ExtensibilityGlobals) = postSolution
		SolutionGuid = {C41555DB-A0BF-43C8-BC2B-AEECBAB1D601}
	EndGlobalSection
EndGlobal
